
Microsoft Visual Studio Solution File, Format Version 12.00
# Visual Studio 2013
VisualStudioVersion = 12.0.21005.1
MinimumVisualStudioVersion = 10.0.40219.1
Project("{FAE04EC0-301F-11D3-BF4B-00C04F79EFBC}") = "System.ChesFrame.Utility.DataAccess", "System.ChesFrame.Utility.DataAccess\System.ChesFrame.Utility.DataAccess.csproj", "{16219478-F2BE-4856-9CA4-272AE186EABD}"
EndProject
Project("{FAE04EC0-301F-11D3-BF4B-00C04F79EFBC}") = "System.ChesFrame.Utility.DataAccess.Test", "System.ChesFrame.Utility.DataAccess.Test\System.ChesFrame.Utility.DataAccess.Test.csproj", "{A8EEB4F4-1471-41CF-A214-0BC82E5D1687}"
EndProject
Project("{FAE04EC0-301F-11D3-BF4B-00C04F79EFBC}") = "System.ChesFrame.Utility.ObjectBuilder", "System.ChesFrame.Utility.ObjectBuilder\System.ChesFrame.Utility.ObjectBuilder.csproj", "{80299160-0E08-4AC6-8800-B8A3281074FE}"
EndProject
Global
	GlobalSection(SolutionConfigurationPlatforms) = preSolution
		Debug|Any CPU = Debug|Any CPU
		Release|Any CPU = Release|Any CPU
	EndGlobalSection
	GlobalSection(ProjectConfigurationPlatforms) = postSolution
		{16219478-F2BE-4856-9CA4-272AE186EABD}.Debug|Any CPU.ActiveCfg = Debug|Any CPU
		{16219478-F2BE-4856-9CA4-272AE186EABD}.Debug|Any CPU.Build.0 = Debug|Any CPU
		{16219478-F2BE-4856-9CA4-272AE186EABD}.Release|Any CPU.ActiveCfg = Release|Any CPU
		{16219478-F2BE-4856-9CA4-272AE186EABD}.Release|Any CPU.Build.0 = Release|Any CPU
		{A8EEB4F4-1471-41CF-A214-0BC82E5D1687}.Debug|Any CPU.ActiveCfg = Debug|Any CPU
		{A8EEB4F4-1471-41CF-A214-0BC82E5D1687}.Debug|Any CPU.Build.0 = Debug|Any CPU
		{A8EEB4F4-1471-41CF-A214-0BC82E5D1687}.Release|Any CPU.ActiveCfg = Release|Any CPU
		{A8EEB4F4-1471-41CF-A214-0BC82E5D1687}.Release|Any CPU.Build.0 = Release|Any CPU
		{80299160-0E08-4AC6-8800-B8A3281074FE}.Debug|Any CPU.ActiveCfg = Debug|Any CPU
		{80299160-0E08-4AC6-8800-B8A3281074FE}.Debug|Any CPU.Build.0 = Debug|Any CPU
		{80299160-0E08-4AC6-8800-B8A3281074FE}.Release|Any CPU.ActiveCfg = Release|Any CPU
		{80299160-0E08-4AC6-8800-B8A3281074FE}.Release|Any CPU.Build.0 = Release|Any CPU
	EndGlobalSection
	GlobalSection(SolutionProperties) = preSolution
		HideSolutionNode = FALSE
	EndGlobalSection
EndGlobal
